
Microsoft Visual Studio Solution File, Format Version 12.00
# Visual Studio Version 16
VisualStudioVersion = 16.0.31624.102
MinimumVisualStudioVersion = 10.0.40219.1
Project("{FAE04EC0-301F-11D3-BF4B-00C04F79EFBC}") = "FIFA2022", "FIFA2022\FIFA2022.csproj", "{A14F5631-41FD-4FC1-BFB1-6B4C0641D53F}"
EndProject
Global
	GlobalSection(SolutionConfigurationPlatforms) = preSolution
		Debug|Any CPU = Debug|Any CPU
		Release|Any CPU = Release|Any CPU
	EndGlobalSection
	GlobalSection(ProjectConfigurationPlatforms) = postSolution
		{A14F5631-41FD-4FC1-BFB1-6B4C0641D53F}.Debug|Any CPU.ActiveCfg = Debug|Any CPU
		{A14F5631-41FD-4FC1-BFB1-6B4C0641D53F}.Debug|Any CPU.Build.0 = Debug|Any CPU
		{A14F5631-41FD-4FC1-BFB1-6B4C0641D53F}.Release|Any CPU.ActiveCfg = Release|Any CPU
		{A14F5631-41FD-4FC1-BFB1-6B4C0641D53F}.Release|Any CPU.Build.0 = Release|Any CPU
	EndGlobalSection
	GlobalSection(SolutionProperties) = preSolution
		HideSolutionNode = FALSE
	EndGlobalSection
	GlobalSection(ExtensibilityGlobals) = postSolution
		SolutionGuid = {8B334DD5-D85C-4644-A6A9-D0E2D0A8D76B}
	EndGlobalSection
EndGlobal
